
Microsoft Visual Studio Solution File, Format Version 12.00
# Visual Studio 15
VisualStudioVersion = 15.0.28307.271
MinimumVisualStudioVersion = 10.0.40219.1
Project("{2150E333-8FDC-42A3-9474-1A3956D46DE8}") = "src", "src", "{D1CB6218-46C5-4722-87C2-F5B1F36200A2}"
EndProject
Project("{2150E333-8FDC-42A3-9474-1A3956D46DE8}") = "DB", "DB", "{708E9847-D43A-47A2-8C86-F96C75A9A8F9}"
EndProject
Project("{9A19103F-16F7-4668-BE54-9A1E7A4F7556}") = "Vehicle.DB", "Vehicle.DB\Vehicle.DB.csproj", "{DB109575-5B9B-4262-B4B5-6D639F7C708C}"
EndProject
Project("{9A19103F-16F7-4668-BE54-9A1E7A4F7556}") = "Vehicle.Models", "Vehicle.DB.Models\Vehicle.Models.csproj", "{B2ED93CE-DEB7-4D1F-8EB3-56339ED23E11}"
EndProject
Project("{9A19103F-16F7-4668-BE54-9A1E7A4F7556}") = "Vehicle.DB.Api", "Vehicle.DB.Api\Vehicle.DB.Api.csproj", "{B439C208-F334-435F-8B34-4FA1D42B80F4}"
EndProject
Project("{E53339B2-1760-4266-BCC7-CA923CBCF16C}") = "docker-compose", "docker-compose.dcproj", "{A1BC5212-614D-401F-BC11-9EE5BCE5956B}"
EndProject
Project("{2150E333-8FDC-42A3-9474-1A3956D46DE8}") = "Gateway", "Gateway", "{AB1524CB-FDD9-48D3-8A54-9C59BB09A54F}"
EndProject
Project("{9A19103F-16F7-4668-BE54-9A1E7A4F7556}") = "Gateway.Web.Api", "..\Gatewau.Web.Api\Gateway.Web.Api.csproj", "{63D50227-F8A3-4909-A600-FB4FC3D7F5FE}"
EndProject
Project("{2150E333-8FDC-42A3-9474-1A3956D46DE8}") = "Models", "Models", "{434308A4-BFEE-4307-A04A-9C917F6FE4B3}"
EndProject
Project("{2150E333-8FDC-42A3-9474-1A3956D46DE8}") = "Ping", "Ping", "{3D53165A-C780-49FA-A6F0-327FBAD1421E}"
EndProject
Project("{9A19103F-16F7-4668-BE54-9A1E7A4F7556}") = "Vehicle.Ping", "..\Vehicle.Ping\Vehicle.Ping.csproj", "{BF2A95E8-7CBD-4554-A83A-E8B5CDB93F76}"
EndProject
Project("{2150E333-8FDC-42A3-9474-1A3956D46DE8}") = "Tests", "Tests", "{7B0C73D1-C057-458C-B3D4-382002A44233}"
EndProject
Project("{9A19103F-16F7-4668-BE54-9A1E7A4F7556}") = "Vehicle.Test", "..\Vehicle.Test\Vehicle.Test.csproj", "{5108BEEE-70D5-4AE9-81F1-66844C49425A}"
EndProject
Project("{2150E333-8FDC-42A3-9474-1A3956D46DE8}") = ".gitignore", ".gitignore", "{3DE024F0-6B2E-4C13-BD9B-EFE35DD15624}"
	ProjectSection(SolutionItems) = preProject
		VisualStudio.gitignore = VisualStudio.gitignore
	EndProjectSection
EndProject
Global
	GlobalSection(SolutionConfigurationPlatforms) = preSolution
		Debug|Any CPU = Debug|Any CPU
		Release|Any CPU = Release|Any CPU
	EndGlobalSection
	GlobalSection(ProjectConfigurationPlatforms) = postSolution
		{DB109575-5B9B-4262-B4B5-6D639F7C708C}.Debug|Any CPU.ActiveCfg = Debug|Any CPU
		{DB109575-5B9B-4262-B4B5-6D639F7C708C}.Debug|Any CPU.Build.0 = Debug|Any CPU
		{DB109575-5B9B-4262-B4B5-6D639F7C708C}.Release|Any CPU.ActiveCfg = Release|Any CPU
		{DB109575-5B9B-4262-B4B5-6D639F7C708C}.Release|Any CPU.Build.0 = Release|Any CPU
		{B2ED93CE-DEB7-4D1F-8EB3-56339ED23E11}.Debug|Any CPU.ActiveCfg = Debug|Any CPU
		{B2ED93CE-DEB7-4D1F-8EB3-56339ED23E11}.Debug|Any CPU.Build.0 = Debug|Any CPU
		{B2ED93CE-DEB7-4D1F-8EB3-56339ED23E11}.Release|Any CPU.ActiveCfg = Release|Any CPU
		{B2ED93CE-DEB7-4D1F-8EB3-56339ED23E11}.Release|Any CPU.Build.0 = Release|Any CPU
		{B439C208-F334-435F-8B34-4FA1D42B80F4}.Debug|Any CPU.ActiveCfg = Debug|Any CPU
		{B439C208-F334-435F-8B34-4FA1D42B80F4}.Debug|Any CPU.Build.0 = Debug|Any CPU
		{B439C208-F334-435F-8B34-4FA1D42B80F4}.Release|Any CPU.ActiveCfg = Release|Any CPU
		{B439C208-F334-435F-8B34-4FA1D42B80F4}.Release|Any CPU.Build.0 = Release|Any CPU
		{A1BC5212-614D-401F-BC11-9EE5BCE5956B}.Debug|Any CPU.ActiveCfg = Debug|Any CPU
		{A1BC5212-614D-401F-BC11-9EE5BCE5956B}.Debug|Any CPU.Build.0 = Debug|Any CPU
		{A1BC5212-614D-401F-BC11-9EE5BCE5956B}.Release|Any CPU.ActiveCfg = Release|Any CPU
		{A1BC5212-614D-401F-BC11-9EE5BCE5956B}.Release|Any CPU.Build.0 = Release|Any CPU
		{63D50227-F8A3-4909-A600-FB4FC3D7F5FE}.Debug|Any CPU.ActiveCfg = Debug|Any CPU
		{63D50227-F8A3-4909-A600-FB4FC3D7F5FE}.Debug|Any CPU.Build.0 = Debug|Any CPU
		{63D50227-F8A3-4909-A600-FB4FC3D7F5FE}.Release|Any CPU.ActiveCfg = Release|Any CPU
		{63D50227-F8A3-4909-A600-FB4FC3D7F5FE}.Release|Any CPU.Build.0 = Release|Any CPU
		{BF2A95E8-7CBD-4554-A83A-E8B5CDB93F76}.Debug|Any CPU.ActiveCfg = Debug|Any CPU
		{BF2A95E8-7CBD-4554-A83A-E8B5CDB93F76}.Debug|Any CPU.Build.0 = Debug|Any CPU
		{BF2A95E8-7CBD-4554-A83A-E8B5CDB93F76}.Release|Any CPU.ActiveCfg = Release|Any CPU
		{BF2A95E8-7CBD-4554-A83A-E8B5CDB93F76}.Release|Any CPU.Build.0 = Release|Any CPU
		{5108BEEE-70D5-4AE9-81F1-66844C49425A}.Debug|Any CPU.ActiveCfg = Debug|Any CPU
		{5108BEEE-70D5-4AE9-81F1-66844C49425A}.Debug|Any CPU.Build.0 = Debug|Any CPU
		{5108BEEE-70D5-4AE9-81F1-66844C49425A}.Release|Any CPU.ActiveCfg = Release|Any CPU
		{5108BEEE-70D5-4AE9-81F1-66844C49425A}.Release|Any CPU.Build.0 = Release|Any CPU
	EndGlobalSection
	GlobalSection(SolutionProperties) = preSolution
		HideSolutionNode = FALSE
	EndGlobalSection
	GlobalSection(NestedProjects) = preSolution
		{708E9847-D43A-47A2-8C86-F96C75A9A8F9} = {D1CB6218-46C5-4722-87C2-F5B1F36200A2}
		{DB109575-5B9B-4262-B4B5-6D639F7C708C} = {708E9847-D43A-47A2-8C86-F96C75A9A8F9}
		{B2ED93CE-DEB7-4D1F-8EB3-56339ED23E11} = {434308A4-BFEE-4307-A04A-9C917F6FE4B3}
		{B439C208-F334-435F-8B34-4FA1D42B80F4} = {708E9847-D43A-47A2-8C86-F96C75A9A8F9}
		{AB1524CB-FDD9-48D3-8A54-9C59BB09A54F} = {D1CB6218-46C5-4722-87C2-F5B1F36200A2}
		{63D50227-F8A3-4909-A600-FB4FC3D7F5FE} = {AB1524CB-FDD9-48D3-8A54-9C59BB09A54F}
		{434308A4-BFEE-4307-A04A-9C917F6FE4B3} = {D1CB6218-46C5-4722-87C2-F5B1F36200A2}
		{3D53165A-C780-49FA-A6F0-327FBAD1421E} = {D1CB6218-46C5-4722-87C2-F5B1F36200A2}
		{BF2A95E8-7CBD-4554-A83A-E8B5CDB93F76} = {3D53165A-C780-49FA-A6F0-327FBAD1421E}
		{7B0C73D1-C057-458C-B3D4-382002A44233} = {D1CB6218-46C5-4722-87C2-F5B1F36200A2}
		{5108BEEE-70D5-4AE9-81F1-66844C49425A} = {7B0C73D1-C057-458C-B3D4-382002A44233}
	EndGlobalSection
	GlobalSection(ExtensibilityGlobals) = postSolution
		SolutionGuid = {D2834F9D-D4C9-45A3-B4D7-8C3CC456AF89}
	EndGlobalSection
EndGlobal
